# THIS IS AN AUTOGENERATED FILE. DO NOT EDIT THIS FILE DIRECTLY.
# yarn lockfile v1


"@types/node@^10.12.5":
  version "10.12.5"
  resolved "http://registry.npm.taobao.org/@types/node/download/@types/node-10.12.5.tgz#7e7ea1a9b34d2c8d704cb0b755dffbcda34741ad"
  integrity sha1-fn6hqbNNLI1wTLC3Vd/7zaNHQa0=

g@^2.0.1:
  version "2.0.1"
  resolved "http://registry.npm.taobao.org/g/download/g-2.0.1.tgz#0b5963ebd0ca70e3bc8c6766934a021821c8b857"
  integrity sha1-C1lj69DKcOO8jGdmk0oCGCHIuFc=

yarn@^1.12.3:
  version "1.12.3"
  resolved "http://registry.npm.taobao.org/yarn/download/yarn-1.12.3.tgz#fb4599bf1f8da01552bcc7e1571dfd4e53788203"
  integrity sha1-+0WZvx+NoBVSvMfhVx39TlN4ggM=
