# THIS IS AN AUTOGENERATED FILE. DO NOT EDIT THIS FILE DIRECTLY.
# yarn lockfile v1


"@types/node@^10.12.5":
  version "10.12.5"
  resolved "http://registry.npm.taobao.org/@types/node/download/@types/node-10.12.5.tgz#7e7ea1a9b34d2c8d704cb0b755dffbcda34741ad"
  integrity sha1-fn6hqbNNLI1wTLC3Vd/7zaNHQa0=
